
Microsoft Visual Studio Solution File, Format Version 12.00
# Visual Studio Version 17
VisualStudioVersion = 17.6.33801.468
MinimumVisualStudioVersion = 10.0.40219.1
Project("{9A19103F-16F7-4668-BE54-9A1E7A4F7556}") = "RabbitMQ.Publisher", "RabbitMQ.Publisher\RabbitMQ.Publisher.csproj", "{7D6C1543-6AC3-495A-B21D-B7B50AEBB19D}"
EndProject
Project("{9A19103F-16F7-4668-BE54-9A1E7A4F7556}") = "RabbitMQ.DirectExchange.Publisher", "RabbitMQ.DirectExchange.Publisher\RabbitMQ.DirectExchange.Publisher.csproj", "{5D78986D-5219-4404-9657-2250E8BEC900}"
EndProject
Project("{9A19103F-16F7-4668-BE54-9A1E7A4F7556}") = "RabbitMQ.FanoutExchange.Publisher", "RabbitMQ.FanoutExchange.Publisher\RabbitMQ.FanoutExchange.Publisher.csproj", "{8A6C0A92-7BE7-429B-B819-880E57D60DAC}"
EndProject
Project("{9A19103F-16F7-4668-BE54-9A1E7A4F7556}") = "RabbitMQ.TopicExchange.Publisher", "RabbitMQ.TopicExchange.Publisher\RabbitMQ.TopicExchange.Publisher.csproj", "{A87C56FC-F2F0-4CC9-A6C7-114B84000042}"
EndProject
Project("{FAE04EC0-301F-11D3-BF4B-00C04F79EFBC}") = "RabbitMQ.HeaderExchange.Publisher", "RabbitMQ.HeaderExchange.Publisher\RabbitMQ.HeaderExchange.Publisher.csproj", "{C5C01B5B-DDD1-45C9-94B2-F179FC762ED7}"
EndProject
Global
	GlobalSection(SolutionConfigurationPlatforms) = preSolution
		Debug|Any CPU = Debug|Any CPU
		Release|Any CPU = Release|Any CPU
	EndGlobalSection
	GlobalSection(ProjectConfigurationPlatforms) = postSolution
		{7D6C1543-6AC3-495A-B21D-B7B50AEBB19D}.Debug|Any CPU.ActiveCfg = Debug|Any CPU
		{7D6C1543-6AC3-495A-B21D-B7B50AEBB19D}.Debug|Any CPU.Build.0 = Debug|Any CPU
		{7D6C1543-6AC3-495A-B21D-B7B50AEBB19D}.Release|Any CPU.ActiveCfg = Release|Any CPU
		{7D6C1543-6AC3-495A-B21D-B7B50AEBB19D}.Release|Any CPU.Build.0 = Release|Any CPU
		{5D78986D-5219-4404-9657-2250E8BEC900}.Debug|Any CPU.ActiveCfg = Debug|Any CPU
		{5D78986D-5219-4404-9657-2250E8BEC900}.Debug|Any CPU.Build.0 = Debug|Any CPU
		{5D78986D-5219-4404-9657-2250E8BEC900}.Release|Any CPU.ActiveCfg = Release|Any CPU
		{5D78986D-5219-4404-9657-2250E8BEC900}.Release|Any CPU.Build.0 = Release|Any CPU
		{8A6C0A92-7BE7-429B-B819-880E57D60DAC}.Debug|Any CPU.ActiveCfg = Debug|Any CPU
		{8A6C0A92-7BE7-429B-B819-880E57D60DAC}.Debug|Any CPU.Build.0 = Debug|Any CPU
		{8A6C0A92-7BE7-429B-B819-880E57D60DAC}.Release|Any CPU.ActiveCfg = Release|Any CPU
		{8A6C0A92-7BE7-429B-B819-880E57D60DAC}.Release|Any CPU.Build.0 = Release|Any CPU
		{A87C56FC-F2F0-4CC9-A6C7-114B84000042}.Debug|Any CPU.ActiveCfg = Debug|Any CPU
		{A87C56FC-F2F0-4CC9-A6C7-114B84000042}.Debug|Any CPU.Build.0 = Debug|Any CPU
		{A87C56FC-F2F0-4CC9-A6C7-114B84000042}.Release|Any CPU.ActiveCfg = Release|Any CPU
		{A87C56FC-F2F0-4CC9-A6C7-114B84000042}.Release|Any CPU.Build.0 = Release|Any CPU
		{C5C01B5B-DDD1-45C9-94B2-F179FC762ED7}.Debug|Any CPU.ActiveCfg = Debug|Any CPU
		{C5C01B5B-DDD1-45C9-94B2-F179FC762ED7}.Debug|Any CPU.Build.0 = Debug|Any CPU
		{C5C01B5B-DDD1-45C9-94B2-F179FC762ED7}.Release|Any CPU.ActiveCfg = Release|Any CPU
		{C5C01B5B-DDD1-45C9-94B2-F179FC762ED7}.Release|Any CPU.Build.0 = Release|Any CPU
	EndGlobalSection
	GlobalSection(SolutionProperties) = preSolution
		HideSolutionNode = FALSE
	EndGlobalSection
	GlobalSection(ExtensibilityGlobals) = postSolution
		SolutionGuid = {345A37BD-7249-4D45-91D5-6DDAC423D32F}
	EndGlobalSection
EndGlobal
